
Microsoft Visual Studio Solution File, Format Version 12.00
# Visual Studio Version 16
VisualStudioVersion = 16.0.31605.320
MinimumVisualStudioVersion = 10.0.40219.1
Project("{FAE04EC0-301F-11D3-BF4B-00C04F79EFBC}") = "AtivCkBx", "AtivCkBx\AtivCkBx.csproj", "{0D371B1D-7194-4FAC-8DF6-C4B4062810D2}"
EndProject
Global
	GlobalSection(SolutionConfigurationPlatforms) = preSolution
		Debug|Any CPU = Debug|Any CPU
		Release|Any CPU = Release|Any CPU
	EndGlobalSection
	GlobalSection(ProjectConfigurationPlatforms) = postSolution
		{0D371B1D-7194-4FAC-8DF6-C4B4062810D2}.Debug|Any CPU.ActiveCfg = Debug|Any CPU
		{0D371B1D-7194-4FAC-8DF6-C4B4062810D2}.Debug|Any CPU.Build.0 = Debug|Any CPU
		{0D371B1D-7194-4FAC-8DF6-C4B4062810D2}.Release|Any CPU.ActiveCfg = Release|Any CPU
		{0D371B1D-7194-4FAC-8DF6-C4B4062810D2}.Release|Any CPU.Build.0 = Release|Any CPU
	EndGlobalSection
	GlobalSection(SolutionProperties) = preSolution
		HideSolutionNode = FALSE
	EndGlobalSection
	GlobalSection(ExtensibilityGlobals) = postSolution
		SolutionGuid = {D992B9C8-0D64-4AB4-9AA9-2125253EC51C}
	EndGlobalSection
EndGlobal
